<Solution>
  <Folder Name="/.github/" />
  <Folder Name="/.github/workflows/">
    <File Path=".github\workflows\dotnet.yml" />
  </Folder>
  <Folder Name="/assets/">
    <File Path=".editorconfig" />
    <File Path=".gitattributes" />
    <File Path=".gitignore" />
    <File Path="LICENSE" />
    <File Path="README.md" />
    <File Path="GitVersion.yml" />
  </Folder>
  <Project Path="Cross.PepperVault.AwsSecretsJson\Cross.PepperVault.AwsSecretsJson.csproj" />
  <Project Path="Cross.PepperVault.AzureKvJson\Cross.PepperVault.AzureKvJson.csproj" />
  <Project Path="Cross.PepperVault.AzureKvVersioned\Cross.PepperVault.AzureKvVersioned.csproj" />
  <Project Path="Cross.PepperVault.EnvJson\Cross.PepperVault.EnvJson.csproj" />
  <Project Path="Cross.PepperVault.Env\Cross.PepperVault.Env.csproj" />
  <Project Path="Cross.PepperVault.FileJson\Cross.PepperVault.FileJson.csproj" />
  <Project Path="Cross.PepperVault.GcpSecretManagerJson\Cross.PepperVault.GcpSecretManagerJson.csproj" />
  <Project Path="Cross.PepperVault.HcvKv2Json\Cross.PepperVault.HcvKv2Json.csproj" />
  <Project Path="Cross.PepperVault\Cross.PepperVault.csproj" />
</Solution>
